
Microsoft Visual Studio Solution File, Format Version 12.00
# Visual Studio 15
VisualStudioVersion = 15.0.26014.0
MinimumVisualStudioVersion = 10.0.40219.1
Project("{FAE04EC0-301F-11D3-BF4B-00C04F79EFBC}") = "Knapcode.TorSharp", "src\Knapcode.TorSharp\Knapcode.TorSharp.csproj", "{F62B195D-145F-4DA4-A4DE-638E423E5D93}"
EndProject
Project("{FAE04EC0-301F-11D3-BF4B-00C04F79EFBC}") = "Knapcode.TorSharp.Sandbox", "samples\Knapcode.TorSharp.Sandbox\Knapcode.TorSharp.Sandbox.csproj", "{B1B318A7-A085-401E-96D3-320FE1066C45}"
EndProject
Project("{2150E333-8FDC-42A3-9474-1A3956D46DE8}") = "Solution Items", "Solution Items", "{164BF19B-98C4-49FF-989B-499EB0E71B8A}"
	ProjectSection(SolutionItems) = preProject
		.gitignore = .gitignore
		appveyor.yml = appveyor.yml
		LICENSE = LICENSE
		README.md = README.md
	EndProjectSection
EndProject
Project("{FAE04EC0-301F-11D3-BF4B-00C04F79EFBC}") = "Knapcode.TorSharp.Tests", "test\Knapcode.TorSharp.Tests\Knapcode.TorSharp.Tests.csproj", "{22C1582F-8723-428E-8098-0B179E9DE361}"
EndProject
Project("{2150E333-8FDC-42A3-9474-1A3956D46DE8}") = "test", "test", "{A4CAEEDC-48F1-4FDB-A981-B337205875F0}"
EndProject
Project("{2150E333-8FDC-42A3-9474-1A3956D46DE8}") = "src", "src", "{C79A5CF4-E0A5-43AE-8C60-052B05FA4A79}"
EndProject
Project("{2150E333-8FDC-42A3-9474-1A3956D46DE8}") = "samples", "samples", "{EF275996-B1E9-4E06-B406-F70C93A30BBC}"
EndProject
Global
	GlobalSection(SolutionConfigurationPlatforms) = preSolution
		Debug|Any CPU = Debug|Any CPU
		Release|Any CPU = Release|Any CPU
	EndGlobalSection
	GlobalSection(ProjectConfigurationPlatforms) = postSolution
		{F62B195D-145F-4DA4-A4DE-638E423E5D93}.Debug|Any CPU.ActiveCfg = Debug|Any CPU
		{F62B195D-145F-4DA4-A4DE-638E423E5D93}.Debug|Any CPU.Build.0 = Debug|Any CPU
		{F62B195D-145F-4DA4-A4DE-638E423E5D93}.Release|Any CPU.ActiveCfg = Release|Any CPU
		{F62B195D-145F-4DA4-A4DE-638E423E5D93}.Release|Any CPU.Build.0 = Release|Any CPU
		{B1B318A7-A085-401E-96D3-320FE1066C45}.Debug|Any CPU.ActiveCfg = Debug|Any CPU
		{B1B318A7-A085-401E-96D3-320FE1066C45}.Debug|Any CPU.Build.0 = Debug|Any CPU
		{B1B318A7-A085-401E-96D3-320FE1066C45}.Release|Any CPU.ActiveCfg = Release|Any CPU
		{B1B318A7-A085-401E-96D3-320FE1066C45}.Release|Any CPU.Build.0 = Release|Any CPU
		{22C1582F-8723-428E-8098-0B179E9DE361}.Debug|Any CPU.ActiveCfg = Debug|Any CPU
		{22C1582F-8723-428E-8098-0B179E9DE361}.Debug|Any CPU.Build.0 = Debug|Any CPU
		{22C1582F-8723-428E-8098-0B179E9DE361}.Release|Any CPU.ActiveCfg = Release|Any CPU
		{22C1582F-8723-428E-8098-0B179E9DE361}.Release|Any CPU.Build.0 = Release|Any CPU
	EndGlobalSection
	GlobalSection(SolutionProperties) = preSolution
		HideSolutionNode = FALSE
	EndGlobalSection
	GlobalSection(NestedProjects) = preSolution
		{F62B195D-145F-4DA4-A4DE-638E423E5D93} = {C79A5CF4-E0A5-43AE-8C60-052B05FA4A79}
		{B1B318A7-A085-401E-96D3-320FE1066C45} = {EF275996-B1E9-4E06-B406-F70C93A30BBC}
		{22C1582F-8723-428E-8098-0B179E9DE361} = {A4CAEEDC-48F1-4FDB-A981-B337205875F0}
	EndGlobalSection
EndGlobal
